
Microsoft Visual Studio Solution File, Format Version 11.00
# Visual Studio 2010
Project("{8BC9CEB8-8B4A-11D0-8D11-00A0C91BC942}") = "CubeView", "CubeView.vcxproj", "{579E5BDF-83FB-8261-2316-A9073FFCDB96}"
	ProjectSection(ProjectDependencies) = postProject
		{B36D9180-AF88-D9B1-D72E-D30B9E150AA2} = {B36D9180-AF88-D9B1-D72E-D30B9E150AA2}
		{6EF77F7A-76E8-1056-F8A6-B3F3AF25B7A9} = {6EF77F7A-76E8-1056-F8A6-B3F3AF25B7A9}
		{2EAAB032-AA36-647B-ED0F-37DE13BDD3D3} = {2EAAB032-AA36-647B-ED0F-37DE13BDD3D3}
	EndProjectSection
EndProject
Project("{8BC9CEB8-8B4A-11D0-8D11-00A0C91BC942}") = "adjuster", "adjuster.vcxproj", "{57170D76-B8AA-938E-BA63-E29BE35C8029}"
	ProjectSection(ProjectDependencies) = postProject
		{B36D9180-AF88-D9B1-D72E-D30B9E150AA2} = {B36D9180-AF88-D9B1-D72E-D30B9E150AA2}
	EndProjectSection
EndProject
Project("{8BC9CEB8-8B4A-11D0-8D11-00A0C91BC942}") = "arc", "arc.vcxproj", "{EEB9A88D-6D0F-0D69-0F4D-AF06C8AC3EDA}"
	ProjectSection(ProjectDependencies) = postProject
		{B36D9180-AF88-D9B1-D72E-D30B9E150AA2} = {B36D9180-AF88-D9B1-D72E-D30B9E150AA2}
	EndProjectSection
EndProject
Project("{8BC9CEB8-8B4A-11D0-8D11-00A0C91BC942}") = "ask", "ask.vcxproj", "{FA5EC8E8-CC5F-4722-99F0-08D884CBE000}"
	ProjectSection(ProjectDependencies) = postProject
		{B36D9180-AF88-D9B1-D72E-D30B9E150AA2} = {B36D9180-AF88-D9B1-D72E-D30B9E150AA2}
	EndProjectSection
EndProject
Project("{8BC9CEB8-8B4A-11D0-8D11-00A0C91BC942}") = "bitmap", "bitmap.vcxproj", "{EA8AACBE-2564-2E3F-7743-78DA9F1E0A66}"
	ProjectSection(ProjectDependencies) = postProject
		{B36D9180-AF88-D9B1-D72E-D30B9E150AA2} = {B36D9180-AF88-D9B1-D72E-D30B9E150AA2}
	EndProjectSection
EndProject
Project("{8BC9CEB8-8B4A-11D0-8D11-00A0C91BC942}") = "blocks", "blocks.vcxproj", "{A6B088DF-6F8D-4451-354F-F50523834A8A}"
	ProjectSection(ProjectDependencies) = postProject
		{B36D9180-AF88-D9B1-D72E-D30B9E150AA2} = {B36D9180-AF88-D9B1-D72E-D30B9E150AA2}
	EndProjectSection
EndProject
Project("{8BC9CEB8-8B4A-11D0-8D11-00A0C91BC942}") = "boxtype", "boxtype.vcxproj", "{CA5580DA-F1ED-1F79-AD70-7F1B350D1EBF}"
	ProjectSection(ProjectDependencies) = postProject
		{B36D9180-AF88-D9B1-D72E-D30B9E150AA2} = {B36D9180-AF88-D9B1-D72E-D30B9E150AA2}
	EndProjectSection
EndProject
Project("{8BC9CEB8-8B4A-11D0-8D11-00A0C91BC942}") = "browser", "browser.vcxproj", "{649B0B41-0973-3018-4485-EFC80BEF9BC3}"
	ProjectSection(ProjectDependencies) = postProject
		{B36D9180-AF88-D9B1-D72E-D30B9E150AA2} = {B36D9180-AF88-D9B1-D72E-D30B9E150AA2}
	EndProjectSection
EndProject
Project("{8BC9CEB8-8B4A-11D0-8D11-00A0C91BC942}") = "button", "button.vcxproj", "{25596CD6-2BA5-7F6C-68BB-DA4B6E405668}"
	ProjectSection(ProjectDependencies) = postProject
		{B36D9180-AF88-D9B1-D72E-D30B9E150AA2} = {B36D9180-AF88-D9B1-D72E-D30B9E150AA2}
	EndProjectSection
EndProject
Project("{8BC9CEB8-8B4A-11D0-8D11-00A0C91BC942}") = "buttons", "buttons.vcxproj", "{385F1CB5-E875-C503-4314-3F4956BAC370}"
	ProjectSection(ProjectDependencies) = postProject
		{B36D9180-AF88-D9B1-D72E-D30B9E150AA2} = {B36D9180-AF88-D9B1-D72E-D30B9E150AA2}
	EndProjectSection
EndProject
Project("{8BC9CEB8-8B4A-11D0-8D11-00A0C91BC942}") = "checkers", "checkers.vcxproj", "{41A5B73F-C7AB-3B30-8BAC-6EC3B2D5E172}"
	ProjectSection(ProjectDependencies) = postProject
		{B36D9180-AF88-D9B1-D72E-D30B9E150AA2} = {B36D9180-AF88-D9B1-D72E-D30B9E150AA2}
	EndProjectSection
EndProject
Project("{8BC9CEB8-8B4A-11D0-8D11-00A0C91BC942}") = "clock", "clock.vcxproj", "{566E2D03-3794-0550-B003-BECF5878F4F8}"
	ProjectSection(ProjectDependencies) = postProject
		{B36D9180-AF88-D9B1-D72E-D30B9E150AA2} = {B36D9180-AF88-D9B1-D72E-D30B9E150AA2}
	EndProjectSection
EndProject
Project("{8BC9CEB8-8B4A-11D0-8D11-00A0C91BC942}") = "colbrowser", "colbrowser.vcxproj", "{C0268A0B-4E15-8C82-5E93-FE2E988474CC}"
	ProjectSection(ProjectDependencies) = postProject
		{B36D9180-AF88-D9B1-D72E-D30B9E150AA2} = {B36D9180-AF88-D9B1-D72E-D30B9E150AA2}
		{5D3BAD98-4DF7-6FEF-22DA-EB4E023828F9} = {5D3BAD98-4DF7-6FEF-22DA-EB4E023828F9}
	EndProjectSection
EndProject
Project("{8BC9CEB8-8B4A-11D0-8D11-00A0C91BC942}") = "color_chooser", "color_chooser.vcxproj", "{63A36E76-6099-A3EC-2942-ADAA39C711EC}"
	ProjectSection(ProjectDependencies) = postProject
		{B36D9180-AF88-D9B1-D72E-D30B9E150AA2} = {B36D9180-AF88-D9B1-D72E-D30B9E150AA2}
	EndProjectSection
EndProject
Project("{8BC9CEB8-8B4A-11D0-8D11-00A0C91BC942}") = "cube", "cube.vcxproj", "{D9F80472-1999-68AE-1053-00DA1CD5C398}"
	ProjectSection(ProjectDependencies) = postProject
		{B36D9180-AF88-D9B1-D72E-D30B9E150AA2} = {B36D9180-AF88-D9B1-D72E-D30B9E150AA2}
		{6EF77F7A-76E8-1056-F8A6-B3F3AF25B7A9} = {6EF77F7A-76E8-1056-F8A6-B3F3AF25B7A9}
	EndProjectSection
EndProject
Project("{8BC9CEB8-8B4A-11D0-8D11-00A0C91BC942}") = "cursor", "cursor.vcxproj", "{A7216268-284B-A5AE-A067-133C6399B414}"
	ProjectSection(ProjectDependencies) = postProject
		{B36D9180-AF88-D9B1-D72E-D30B9E150AA2} = {B36D9180-AF88-D9B1-D72E-D30B9E150AA2}
	EndProjectSection
EndProject
Project("{8BC9CEB8-8B4A-11D0-8D11-00A0C91BC942}") = "curve", "curve.vcxproj", "{2F753E9A-09D0-AD72-3EB8-2EB6043EA659}"
	ProjectSection(ProjectDependencies) = postProject
		{B36D9180-AF88-D9B1-D72E-D30B9E150AA2} = {B36D9180-AF88-D9B1-D72E-D30B9E150AA2}
	EndProjectSection
EndProject
Project("{8BC9CEB8-8B4A-11D0-8D11-00A0C91BC942}") = "demo", "demo.vcxproj", "{0C638BA4-5C10-789F-EC13-B2119CAEA059}"
	ProjectSection(ProjectDependencies) = postProject
		{B36D9180-AF88-D9B1-D72E-D30B9E150AA2} = {B36D9180-AF88-D9B1-D72E-D30B9E150AA2}
		{57170D76-B8AA-938E-BA63-E29BE35C8029} = {57170D76-B8AA-938E-BA63-E29BE35C8029}
		{EEB9A88D-6D0F-0D69-0F4D-AF06C8AC3EDA} = {EEB9A88D-6D0F-0D69-0F4D-AF06C8AC3EDA}
		{FA5EC8E8-CC5F-4722-99F0-08D884CBE000} = {FA5EC8E8-CC5F-4722-99F0-08D884CBE000}
		{EA8AACBE-2564-2E3F-7743-78DA9F1E0A66} = {EA8AACBE-2564-2E3F-7743-78DA9F1E0A66}
		{CA5580DA-F1ED-1F79-AD70-7F1B350D1EBF} = {CA5580DA-F1ED-1F79-AD70-7F1B350D1EBF}
		{649B0B41-0973-3018-4485-EFC80BEF9BC3} = {649B0B41-0973-3018-4485-EFC80BEF9BC3}
		{25596CD6-2BA5-7F6C-68BB-DA4B6E405668} = {25596CD6-2BA5-7F6C-68BB-DA4B6E405668}
		{385F1CB5-E875-C503-4314-3F4956BAC370} = {385F1CB5-E875-C503-4314-3F4956BAC370}
		{41A5B73F-C7AB-3B30-8BAC-6EC3B2D5E172} = {41A5B73F-C7AB-3B30-8BAC-6EC3B2D5E172}
		{566E2D03-3794-0550-B003-BECF5878F4F8} = {566E2D03-3794-0550-B003-BECF5878F4F8}
		{C0268A0B-4E15-8C82-5E93-FE2E988474CC} = {C0268A0B-4E15-8C82-5E93-FE2E988474CC}
		{63A36E76-6099-A3EC-2942-ADAA39C711EC} = {63A36E76-6099-A3EC-2942-ADAA39C711EC}
		{D9F80472-1999-68AE-1053-00DA1CD5C398} = {D9F80472-1999-68AE-1053-00DA1CD5C398}
		{A7216268-284B-A5AE-A067-133C6399B414} = {A7216268-284B-A5AE-A067-133C6399B414}
		{2F753E9A-09D0-AD72-3EB8-2EB6043EA659} = {2F753E9A-09D0-AD72-3EB8-2EB6043EA659}
		{79E527F9-5B66-514C-7E4C-2AF673082EF1} = {79E527F9-5B66-514C-7E4C-2AF673082EF1}
		{FB89687E-886B-3556-3A75-8B5223F2E1EC} = {FB89687E-886B-3556-3A75-8B5223F2E1EC}
		{FC159E64-C3C6-1036-88A8-F7ABE104F682} = {FC159E64-C3C6-1036-88A8-F7ABE104F682}
		{2EAAB032-AA36-647B-ED0F-37DE13BDD3D3} = {2EAAB032-AA36-647B-ED0F-37DE13BDD3D3}
		{278D11C9-6B5E-59E3-5297-42BF809BDED6} = {278D11C9-6B5E-59E3-5297-42BF809BDED6}
		{435FA3C1-56D7-20E3-6AE2-DDA6BFB3C35B} = {435FA3C1-56D7-20E3-6AE2-DDA6BFB3C35B}
		{9F9A6482-3CBB-D744-9140-FAA3C866394F} = {9F9A6482-3CBB-D744-9140-FAA3C866394F}
		{F96E6A2D-BD4C-583B-9106-433182E8D109} = {F96E6A2D-BD4C-583B-9106-433182E8D109}
		{B55EB11E-5A76-741E-0131-9713A740BDEE} = {B55EB11E-5A76-741E-0131-9713A740BDEE}
		{0AE39476-F0FA-4B50-25A1-C2BAEF7D0F35} = {0AE39476-F0FA-4B50-25A1-C2BAEF7D0F35}
		{444167B9-E63D-A0F0-2F55-21CFB4BDF687} = {444167B9-E63D-A0F0-2F55-21CFB4BDF687}
		{BAAFD107-E5EE-4B16-4A83-D68318328640} = {BAAFD107-E5EE-4B16-4A83-D68318328640}
		{D1EA8D26-51A4-FCD6-C83E-B2C7BF8CAD60} = {D1EA8D26-51A4-FCD6-C83E-B2C7BF8CAD60}
		{C0F84765-1BF3-E351-B4BE-A70C15E3F344} = {C0F84765-1BF3-E351-B4BE-A70C15E3F344}
		{54050F62-46F7-FE27-485A-7202E4B12593} = {54050F62-46F7-FE27-485A-7202E4B12593}
		{B044229E-BFA5-C998-13E1-E68182ED6989} = {B044229E-BFA5-C998-13E1-E68182ED6989}
		{B34C73A3-AF80-1E9B-FA5C-F95AA5CCFEAF} = {B34C73A3-AF80-1E9B-FA5C-F95AA5CCFEAF}
		{8F4A7E37-2569-1B06-DA73-EB5896D99E5F} = {8F4A7E37-2569-1B06-DA73-EB5896D99E5F}
		{7D96F2F0-E8DB-B89B-02A4-B216A393C807} = {7D96F2F0-E8DB-B89B-02A4-B216A393C807}
		{F90B2AB9-DE2E-38AD-AD15-B4D1D10FBB08} = {F90B2AB9-DE2E-38AD-AD15-B4D1D10FBB08}
		{5940036B-9757-9AA6-DF7A-255C5FB97A12} = {5940036B-9757-9AA6-DF7A-255C5FB97A12}
		{54FA3EE5-ED5A-E1CD-A996-79628086DF75} = {54FA3EE5-ED5A-E1CD-A996-79628086DF75}
		{AF1DEB8F-0D1B-F383-A4C0-DFCAA178FB70} = {AF1DEB8F-0D1B-F383-A4C0-DFCAA178FB70}
		{C66A0D44-48F7-1F9B-EC08-4E5914CBD855} = {C66A0D44-48F7-1F9B-EC08-4E5914CBD855}
		{6BECC428-B7F9-FF77-80BF-2E0610A41EAD} = {6BECC428-B7F9-FF77-80BF-2E0610A41EAD}
		{D4C8D4A0-0225-0BDF-856E-0AD4E1ED33A0} = {D4C8D4A0-0225-0BDF-856E-0AD4E1ED33A0}
		{15A92666-39DA-39B7-BE62-F9740AD4678F} = {15A92666-39DA-39B7-BE62-F9740AD4678F}
		{31898650-AD66-C668-9979-341EA0FE6E07} = {31898650-AD66-C668-9979-341EA0FE6E07}
		{09010468-CEA7-0384-4042-39496AF0A1B7} = {09010468-CEA7-0384-4042-39496AF0A1B7}
		{C0AF695D-78FF-7A73-75D1-4EB36CE97297} = {C0AF695D-78FF-7A73-75D1-4EB36CE97297}
		{55B33F1C-7483-FDE0-511B-A5D133E4D889} = {55B33F1C-7483-FDE0-511B-A5D133E4D889}
		{D71E42C6-19C3-16AF-D068-921E7FF3AA34} = {D71E42C6-19C3-16AF-D068-921E7FF3AA34}
		{46C76A63-85CF-50FA-CBA7-6D46D643648C} = {46C76A63-85CF-50FA-CBA7-6D46D643648C}
		{0141EDB9-BE63-1E7E-1F45-1C1E1ACD92E8} = {0141EDB9-BE63-1E7E-1F45-1C1E1ACD92E8}
		{F1F73D1A-1B19-094E-D10F-E25C77DB60C2} = {F1F73D1A-1B19-094E-D10F-E25C77DB60C2}
		{0338581E-1B9C-BE3F-164F-9DE1997BF80A} = {0338581E-1B9C-BE3F-164F-9DE1997BF80A}
		{A04672CA-EFDF-B90D-3597-938EBA52EA1D} = {A04672CA-EFDF-B90D-3597-938EBA52EA1D}
		{48B7BE38-FA53-FAE3-0232-B226AF251140} = {48B7BE38-FA53-FAE3-0232-B226AF251140}
		{73455DD8-4109-955A-0AC6-10911A6BAF70} = {73455DD8-4109-955A-0AC6-10911A6BAF70}
		{5EC8EE2C-33A2-478E-404C-E6A437FEB293} = {5EC8EE2C-33A2-478E-404C-E6A437FEB293}
		{579E5BDF-83FB-8261-2316-A9073FFCDB96} = {579E5BDF-83FB-8261-2316-A9073FFCDB96}
		{082A8C3C-5ED2-0396-8AE0-89D7237FC390} = {082A8C3C-5ED2-0396-8AE0-89D7237FC390}
		{7379102D-345E-0AFF-4E11-578DF6507531} = {7379102D-345E-0AFF-4E11-578DF6507531}
		{D8CED9E6-3C09-34A0-BB9A-21A674B76AF4} = {D8CED9E6-3C09-34A0-BB9A-21A674B76AF4}
		{409E3ECE-5B3F-2B27-EE07-CCAE9269D57A} = {409E3ECE-5B3F-2B27-EE07-CCAE9269D57A}
		{5D3BAD98-4DF7-6FEF-22DA-EB4E023828F9} = {5D3BAD98-4DF7-6FEF-22DA-EB4E023828F9}
		{E1EFA960-1BF8-8F00-ADAD-4387C3018711} = {E1EFA960-1BF8-8F00-ADAD-4387C3018711}
		{57409143-42F8-09A3-E35E-ADB0D1D59E09} = {57409143-42F8-09A3-E35E-ADB0D1D59E09}
		{059DF732-291A-026B-ADBA-4C0B9AEFC835} = {059DF732-291A-026B-ADBA-4C0B9AEFC835}
		{56F1BABC-6F88-79EC-BA1F-15CAA8F2062F} = {56F1BABC-6F88-79EC-BA1F-15CAA8F2062F}
		{62CDE084-58F9-255D-8B55-F1F0010F16D0} = {62CDE084-58F9-255D-8B55-F1F0010F16D0}
		{A6B088DF-6F8D-4451-354F-F50523834A8A} = {A6B088DF-6F8D-4451-354F-F50523834A8A}
	EndProjectSection
EndProject
Project("{8BC9CEB8-8B4A-11D0-8D11-00A0C91BC942}") = "doublebuffer", "doublebuffer.vcxproj", "{79E527F9-5B66-514C-7E4C-2AF673082EF1}"
	ProjectSection(ProjectDependencies) = postProject
		{B36D9180-AF88-D9B1-D72E-D30B9E150AA2} = {B36D9180-AF88-D9B1-D72E-D30B9E150AA2}
	EndProjectSection
EndProject
Project("{8BC9CEB8-8B4A-11D0-8D11-00A0C91BC942}") = "editor", "editor.vcxproj", "{73455DD8-4109-955A-0AC6-10911A6BAF70}"
	ProjectSection(ProjectDependencies) = postProject
		{5EC8EE2C-33A2-478E-404C-E6A437FEB293} = {5EC8EE2C-33A2-478E-404C-E6A437FEB293}
	EndProjectSection
EndProject
Project("{8BC9CEB8-8B4A-11D0-8D11-00A0C91BC942}") = "fast_slow", "fast_slow.vcxproj", "{FB89687E-886B-3556-3A75-8B5223F2E1EC}"
	ProjectSection(ProjectDependencies) = postProject
		{2EAAB032-AA36-647B-ED0F-37DE13BDD3D3} = {2EAAB032-AA36-647B-ED0F-37DE13BDD3D3}
		{B36D9180-AF88-D9B1-D72E-D30B9E150AA2} = {B36D9180-AF88-D9B1-D72E-D30B9E150AA2}
	EndProjectSection
EndProject
Project("{8BC9CEB8-8B4A-11D0-8D11-00A0C91BC942}") = "file_chooser", "file_chooser.vcxproj", "{FC159E64-C3C6-1036-88A8-F7ABE104F682}"
	ProjectSection(ProjectDependencies) = postProject
		{B36D9180-AF88-D9B1-D72E-D30B9E150AA2} = {B36D9180-AF88-D9B1-D72E-D30B9E150AA2}
		{C11E174B-B327-4F77-2BA8-AF8954D22AB2} = {C11E174B-B327-4F77-2BA8-AF8954D22AB2}
		{57409143-42F8-09A3-E35E-ADB0D1D59E09} = {57409143-42F8-09A3-E35E-ADB0D1D59E09}
		{059DF732-291A-026B-ADBA-4C0B9AEFC835} = {059DF732-291A-026B-ADBA-4C0B9AEFC835}
		{56F1BABC-6F88-79EC-BA1F-15CAA8F2062F} = {56F1BABC-6F88-79EC-BA1F-15CAA8F2062F}
	EndProjectSection
EndProject
Project("{8BC9CEB8-8B4A-11D0-8D11-00A0C91BC942}") = "fltk", "fltk.lib.vcxproj", "{B36D9180-AF88-D9B1-D72E-D30B9E150AA2}"
EndProject
Project("{8BC9CEB8-8B4A-11D0-8D11-00A0C91BC942}") = "fltkdll", "fltkdll.vcxproj", "{5EC8EE2C-33A2-478E-404C-E6A437FEB293}"
	ProjectSection(ProjectDependencies) = postProject
		{57409143-42F8-09A3-E35E-ADB0D1D59E09} = {57409143-42F8-09A3-E35E-ADB0D1D59E09}
		{059DF732-291A-026B-ADBA-4C0B9AEFC835} = {059DF732-291A-026B-ADBA-4C0B9AEFC835}
		{56F1BABC-6F88-79EC-BA1F-15CAA8F2062F} = {56F1BABC-6F88-79EC-BA1F-15CAA8F2062F}
	EndProjectSection
EndProject
Project("{8BC9CEB8-8B4A-11D0-8D11-00A0C91BC942}") = "fltkforms", "fltkforms.vcxproj", "{5D3BAD98-4DF7-6FEF-22DA-EB4E023828F9}"
EndProject
Project("{8BC9CEB8-8B4A-11D0-8D11-00A0C91BC942}") = "fltkgl", "fltkgl.vcxproj", "{6EF77F7A-76E8-1056-F8A6-B3F3AF25B7A9}"
EndProject
Project("{8BC9CEB8-8B4A-11D0-8D11-00A0C91BC942}") = "fltkimages", "fltkimages.vcxproj", "{C11E174B-B327-4F77-2BA8-AF8954D22AB2}"
EndProject
Project("{8BC9CEB8-8B4A-11D0-8D11-00A0C91BC942}") = "fluid", "fluid.vcxproj", "{2EAAB032-AA36-647B-ED0F-37DE13BDD3D3}"
	ProjectSection(ProjectDependencies) = postProject
		{B36D9180-AF88-D9B1-D72E-D30B9E150AA2} = {B36D9180-AF88-D9B1-D72E-D30B9E150AA2}
		{5D3BAD98-4DF7-6FEF-22DA-EB4E023828F9} = {5D3BAD98-4DF7-6FEF-22DA-EB4E023828F9}
		{C11E174B-B327-4F77-2BA8-AF8954D22AB2} = {C11E174B-B327-4F77-2BA8-AF8954D22AB2}
		{57409143-42F8-09A3-E35E-ADB0D1D59E09} = {57409143-42F8-09A3-E35E-ADB0D1D59E09}
		{059DF732-291A-026B-ADBA-4C0B9AEFC835} = {059DF732-291A-026B-ADBA-4C0B9AEFC835}
		{56F1BABC-6F88-79EC-BA1F-15CAA8F2062F} = {56F1BABC-6F88-79EC-BA1F-15CAA8F2062F}
	EndProjectSection
EndProject
Project("{8BC9CEB8-8B4A-11D0-8D11-00A0C91BC942}") = "fonts", "fonts.vcxproj", "{278D11C9-6B5E-59E3-5297-42BF809BDED6}"
	ProjectSection(ProjectDependencies) = postProject
		{B36D9180-AF88-D9B1-D72E-D30B9E150AA2} = {B36D9180-AF88-D9B1-D72E-D30B9E150AA2}
	EndProjectSection
EndProject
Project("{8BC9CEB8-8B4A-11D0-8D11-00A0C91BC942}") = "forms", "forms.vcxproj", "{435FA3C1-56D7-20E3-6AE2-DDA6BFB3C35B}"
	ProjectSection(ProjectDependencies) = postProject
		{B36D9180-AF88-D9B1-D72E-D30B9E150AA2} = {B36D9180-AF88-D9B1-D72E-D30B9E150AA2}
		{5D3BAD98-4DF7-6FEF-22DA-EB4E023828F9} = {5D3BAD98-4DF7-6FEF-22DA-EB4E023828F9}
	EndProjectSection
EndProject
Project("{8BC9CEB8-8B4A-11D0-8D11-00A0C91BC942}") = "fractals", "fractals.vcxproj", "{9F9A6482-3CBB-D744-9140-FAA3C866394F}"
	ProjectSection(ProjectDependencies) = postProject
		{B36D9180-AF88-D9B1-D72E-D30B9E150AA2} = {B36D9180-AF88-D9B1-D72E-D30B9E150AA2}
		{6EF77F7A-76E8-1056-F8A6-B3F3AF25B7A9} = {6EF77F7A-76E8-1056-F8A6-B3F3AF25B7A9}
	EndProjectSection
EndProject
Project("{8BC9CEB8-8B4A-11D0-8D11-00A0C91BC942}") = "fullscreen", "fullscreen.vcxproj", "{F96E6A2D-BD4C-583B-9106-433182E8D109}"
	ProjectSection(ProjectDependencies) = postProject
		{B36D9180-AF88-D9B1-D72E-D30B9E150AA2} = {B36D9180-AF88-D9B1-D72E-D30B9E150AA2}
		{6EF77F7A-76E8-1056-F8A6-B3F3AF25B7A9} = {6EF77F7A-76E8-1056-F8A6-B3F3AF25B7A9}
	EndProjectSection
EndProject
Project("{8BC9CEB8-8B4A-11D0-8D11-00A0C91BC942}") = "gl_overlay", "gl_overlay.vcxproj", "{B55EB11E-5A76-741E-0131-9713A740BDEE}"
	ProjectSection(ProjectDependencies) = postProject
		{B36D9180-AF88-D9B1-D72E-D30B9E150AA2} = {B36D9180-AF88-D9B1-D72E-D30B9E150AA2}
		{6EF77F7A-76E8-1056-F8A6-B3F3AF25B7A9} = {6EF77F7A-76E8-1056-F8A6-B3F3AF25B7A9}
	EndProjectSection
EndProject
Project("{8BC9CEB8-8B4A-11D0-8D11-00A0C91BC942}") = "glpuzzle", "glpuzzle.vcxproj", "{0AE39476-F0FA-4B50-25A1-C2BAEF7D0F35}"
	ProjectSection(ProjectDependencies) = postProject
		{B36D9180-AF88-D9B1-D72E-D30B9E150AA2} = {B36D9180-AF88-D9B1-D72E-D30B9E150AA2}
		{6EF77F7A-76E8-1056-F8A6-B3F3AF25B7A9} = {6EF77F7A-76E8-1056-F8A6-B3F3AF25B7A9}
	EndProjectSection
EndProject
Project("{8BC9CEB8-8B4A-11D0-8D11-00A0C91BC942}") = "hello", "hello.vcxproj", "{444167B9-E63D-A0F0-2F55-21CFB4BDF687}"
	ProjectSection(ProjectDependencies) = postProject
		{B36D9180-AF88-D9B1-D72E-D30B9E150AA2} = {B36D9180-AF88-D9B1-D72E-D30B9E150AA2}
	EndProjectSection
EndProject
Project("{8BC9CEB8-8B4A-11D0-8D11-00A0C91BC942}") = "help", "help.vcxproj", "{D8CED9E6-3C09-34A0-BB9A-21A674B76AF4}"
	ProjectSection(ProjectDependencies) = postProject
		{B36D9180-AF88-D9B1-D72E-D30B9E150AA2} = {B36D9180-AF88-D9B1-D72E-D30B9E150AA2}
		{C11E174B-B327-4F77-2BA8-AF8954D22AB2} = {C11E174B-B327-4F77-2BA8-AF8954D22AB2}
		{57409143-42F8-09A3-E35E-ADB0D1D59E09} = {57409143-42F8-09A3-E35E-ADB0D1D59E09}
		{059DF732-291A-026B-ADBA-4C0B9AEFC835} = {059DF732-291A-026B-ADBA-4C0B9AEFC835}
		{56F1BABC-6F88-79EC-BA1F-15CAA8F2062F} = {56F1BABC-6F88-79EC-BA1F-15CAA8F2062F}
	EndProjectSection
EndProject
Project("{8BC9CEB8-8B4A-11D0-8D11-00A0C91BC942}") = "iconize", "iconize.vcxproj", "{BAAFD107-E5EE-4B16-4A83-D68318328640}"
	ProjectSection(ProjectDependencies) = postProject
		{B36D9180-AF88-D9B1-D72E-D30B9E150AA2} = {B36D9180-AF88-D9B1-D72E-D30B9E150AA2}
	EndProjectSection
EndProject
Project("{8BC9CEB8-8B4A-11D0-8D11-00A0C91BC942}") = "image", "image.vcxproj", "{D1EA8D26-51A4-FCD6-C83E-B2C7BF8CAD60}"
	ProjectSection(ProjectDependencies) = postProject
		{B36D9180-AF88-D9B1-D72E-D30B9E150AA2} = {B36D9180-AF88-D9B1-D72E-D30B9E150AA2}
	EndProjectSection
EndProject
Project("{8BC9CEB8-8B4A-11D0-8D11-00A0C91BC942}") = "inactive", "inactive.vcxproj", "{48B7BE38-FA53-FAE3-0232-B226AF251140}"
	ProjectSection(ProjectDependencies) = postProject
		{B36D9180-AF88-D9B1-D72E-D30B9E150AA2} = {B36D9180-AF88-D9B1-D72E-D30B9E150AA2}
		{2EAAB032-AA36-647B-ED0F-37DE13BDD3D3} = {2EAAB032-AA36-647B-ED0F-37DE13BDD3D3}
	EndProjectSection
EndProject
Project("{8BC9CEB8-8B4A-11D0-8D11-00A0C91BC942}") = "input", "input.vcxproj", "{C0F84765-1BF3-E351-B4BE-A70C15E3F344}"
	ProjectSection(ProjectDependencies) = postProject
		{B36D9180-AF88-D9B1-D72E-D30B9E150AA2} = {B36D9180-AF88-D9B1-D72E-D30B9E150AA2}
	EndProjectSection
EndProject
Project("{8BC9CEB8-8B4A-11D0-8D11-00A0C91BC942}") = "input_choice", "input_choice.vcxproj", "{54050F62-46F7-FE27-485A-7202E4B12593}"
	ProjectSection(ProjectDependencies) = postProject
		{B36D9180-AF88-D9B1-D72E-D30B9E150AA2} = {B36D9180-AF88-D9B1-D72E-D30B9E150AA2}
	EndProjectSection
EndProject
Project("{8BC9CEB8-8B4A-11D0-8D11-00A0C91BC942}") = "jpeg", "jpeg.vcxproj", "{57409143-42F8-09A3-E35E-ADB0D1D59E09}"
EndProject
Project("{8BC9CEB8-8B4A-11D0-8D11-00A0C91BC942}") = "keyboard", "keyboard.vcxproj", "{B044229E-BFA5-C998-13E1-E68182ED6989}"
	ProjectSection(ProjectDependencies) = postProject
		{B36D9180-AF88-D9B1-D72E-D30B9E150AA2} = {B36D9180-AF88-D9B1-D72E-D30B9E150AA2}
		{2EAAB032-AA36-647B-ED0F-37DE13BDD3D3} = {2EAAB032-AA36-647B-ED0F-37DE13BDD3D3}
	EndProjectSection
EndProject
Project("{8BC9CEB8-8B4A-11D0-8D11-00A0C91BC942}") = "label", "label.vcxproj", "{B34C73A3-AF80-1E9B-FA5C-F95AA5CCFEAF}"
	ProjectSection(ProjectDependencies) = postProject
		{B36D9180-AF88-D9B1-D72E-D30B9E150AA2} = {B36D9180-AF88-D9B1-D72E-D30B9E150AA2}
		{5D3BAD98-4DF7-6FEF-22DA-EB4E023828F9} = {5D3BAD98-4DF7-6FEF-22DA-EB4E023828F9}
	EndProjectSection
EndProject
Project("{8BC9CEB8-8B4A-11D0-8D11-00A0C91BC942}") = "libpng", "libpng.vcxproj", "{059DF732-291A-026B-ADBA-4C0B9AEFC835}"
EndProject
Project("{8BC9CEB8-8B4A-11D0-8D11-00A0C91BC942}") = "line_style", "line_style.vcxproj", "{082A8C3C-5ED2-0396-8AE0-89D7237FC390}"
	ProjectSection(ProjectDependencies) = postProject
		{B36D9180-AF88-D9B1-D72E-D30B9E150AA2} = {B36D9180-AF88-D9B1-D72E-D30B9E150AA2}
	EndProjectSection
EndProject
Project("{8BC9CEB8-8B4A-11D0-8D11-00A0C91BC942}") = "mandelbrot", "mandelbrot.vcxproj", "{8F4A7E37-2569-1B06-DA73-EB5896D99E5F}"
	ProjectSection(ProjectDependencies) = postProject
		{B36D9180-AF88-D9B1-D72E-D30B9E150AA2} = {B36D9180-AF88-D9B1-D72E-D30B9E150AA2}
		{2EAAB032-AA36-647B-ED0F-37DE13BDD3D3} = {2EAAB032-AA36-647B-ED0F-37DE13BDD3D3}
	EndProjectSection
EndProject
Project("{8BC9CEB8-8B4A-11D0-8D11-00A0C91BC942}") = "menubar", "menubar.vcxproj", "{7D96F2F0-E8DB-B89B-02A4-B216A393C807}"
	ProjectSection(ProjectDependencies) = postProject
		{B36D9180-AF88-D9B1-D72E-D30B9E150AA2} = {B36D9180-AF88-D9B1-D72E-D30B9E150AA2}
	EndProjectSection
EndProject
Project("{8BC9CEB8-8B4A-11D0-8D11-00A0C91BC942}") = "message", "message.vcxproj", "{F90B2AB9-DE2E-38AD-AD15-B4D1D10FBB08}"
	ProjectSection(ProjectDependencies) = postProject
		{B36D9180-AF88-D9B1-D72E-D30B9E150AA2} = {B36D9180-AF88-D9B1-D72E-D30B9E150AA2}
	EndProjectSection
EndProject
Project("{8BC9CEB8-8B4A-11D0-8D11-00A0C91BC942}") = "minimum", "minimum.vcxproj", "{5940036B-9757-9AA6-DF7A-255C5FB97A12}"
	ProjectSection(ProjectDependencies) = postProject
		{B36D9180-AF88-D9B1-D72E-D30B9E150AA2} = {B36D9180-AF88-D9B1-D72E-D30B9E150AA2}
	EndProjectSection
EndProject
Project("{8BC9CEB8-8B4A-11D0-8D11-00A0C91BC942}") = "navigation", "navigation.vcxproj", "{54FA3EE5-ED5A-E1CD-A996-79628086DF75}"
	ProjectSection(ProjectDependencies) = postProject
		{B36D9180-AF88-D9B1-D72E-D30B9E150AA2} = {B36D9180-AF88-D9B1-D72E-D30B9E150AA2}
	EndProjectSection
EndProject
Project("{8BC9CEB8-8B4A-11D0-8D11-00A0C91BC942}") = "output", "output.vcxproj", "{AF1DEB8F-0D1B-F383-A4C0-DFCAA178FB70}"
	ProjectSection(ProjectDependencies) = postProject
		{B36D9180-AF88-D9B1-D72E-D30B9E150AA2} = {B36D9180-AF88-D9B1-D72E-D30B9E150AA2}
		{5D3BAD98-4DF7-6FEF-22DA-EB4E023828F9} = {5D3BAD98-4DF7-6FEF-22DA-EB4E023828F9}
	EndProjectSection
EndProject
Project("{8BC9CEB8-8B4A-11D0-8D11-00A0C91BC942}") = "overlay", "overlay.vcxproj", "{C66A0D44-48F7-1F9B-EC08-4E5914CBD855}"
	ProjectSection(ProjectDependencies) = postProject
		{B36D9180-AF88-D9B1-D72E-D30B9E150AA2} = {B36D9180-AF88-D9B1-D72E-D30B9E150AA2}
	EndProjectSection
EndProject
Project("{8BC9CEB8-8B4A-11D0-8D11-00A0C91BC942}") = "pack", "pack.vcxproj", "{A04672CA-EFDF-B90D-3597-938EBA52EA1D}"
	ProjectSection(ProjectDependencies) = postProject
		{B36D9180-AF88-D9B1-D72E-D30B9E150AA2} = {B36D9180-AF88-D9B1-D72E-D30B9E150AA2}
	EndProjectSection
EndProject
Project("{8BC9CEB8-8B4A-11D0-8D11-00A0C91BC942}") = "pixmap", "pixmap.vcxproj", "{6BECC428-B7F9-FF77-80BF-2E0610A41EAD}"
	ProjectSection(ProjectDependencies) = postProject
		{B36D9180-AF88-D9B1-D72E-D30B9E150AA2} = {B36D9180-AF88-D9B1-D72E-D30B9E150AA2}
	EndProjectSection
EndProject
Project("{8BC9CEB8-8B4A-11D0-8D11-00A0C91BC942}") = "pixmap_browser", "pixmap_browser.vcxproj", "{D4C8D4A0-0225-0BDF-856E-0AD4E1ED33A0}"
	ProjectSection(ProjectDependencies) = postProject
		{B36D9180-AF88-D9B1-D72E-D30B9E150AA2} = {B36D9180-AF88-D9B1-D72E-D30B9E150AA2}
		{C11E174B-B327-4F77-2BA8-AF8954D22AB2} = {C11E174B-B327-4F77-2BA8-AF8954D22AB2}
		{57409143-42F8-09A3-E35E-ADB0D1D59E09} = {57409143-42F8-09A3-E35E-ADB0D1D59E09}
		{059DF732-291A-026B-ADBA-4C0B9AEFC835} = {059DF732-291A-026B-ADBA-4C0B9AEFC835}
		{56F1BABC-6F88-79EC-BA1F-15CAA8F2062F} = {56F1BABC-6F88-79EC-BA1F-15CAA8F2062F}
	EndProjectSection
EndProject
Project("{8BC9CEB8-8B4A-11D0-8D11-00A0C91BC942}") = "preferences", "preferences.vcxproj", "{E1EFA960-1BF8-8F00-ADAD-4387C3018711}"
	ProjectSection(ProjectDependencies) = postProject
		{B36D9180-AF88-D9B1-D72E-D30B9E150AA2} = {B36D9180-AF88-D9B1-D72E-D30B9E150AA2}
		{2EAAB032-AA36-647B-ED0F-37DE13BDD3D3} = {2EAAB032-AA36-647B-ED0F-37DE13BDD3D3}
	EndProjectSection
EndProject
Project("{8BC9CEB8-8B4A-11D0-8D11-00A0C91BC942}") = "radio", "radio.vcxproj", "{15A92666-39DA-39B7-BE62-F9740AD4678F}"
	ProjectSection(ProjectDependencies) = postProject
		{B36D9180-AF88-D9B1-D72E-D30B9E150AA2} = {B36D9180-AF88-D9B1-D72E-D30B9E150AA2}
		{2EAAB032-AA36-647B-ED0F-37DE13BDD3D3} = {2EAAB032-AA36-647B-ED0F-37DE13BDD3D3}
	EndProjectSection
EndProject
Project("{8BC9CEB8-8B4A-11D0-8D11-00A0C91BC942}") = "resize", "resize.vcxproj", "{31898650-AD66-C668-9979-341EA0FE6E07}"
	ProjectSection(ProjectDependencies) = postProject
		{B36D9180-AF88-D9B1-D72E-D30B9E150AA2} = {B36D9180-AF88-D9B1-D72E-D30B9E150AA2}
		{2EAAB032-AA36-647B-ED0F-37DE13BDD3D3} = {2EAAB032-AA36-647B-ED0F-37DE13BDD3D3}
	EndProjectSection
EndProject
Project("{8BC9CEB8-8B4A-11D0-8D11-00A0C91BC942}") = "resizebox", "resizebox.vcxproj", "{09010468-CEA7-0384-4042-39496AF0A1B7}"
	ProjectSection(ProjectDependencies) = postProject
		{B36D9180-AF88-D9B1-D72E-D30B9E150AA2} = {B36D9180-AF88-D9B1-D72E-D30B9E150AA2}
	EndProjectSection
EndProject
Project("{8BC9CEB8-8B4A-11D0-8D11-00A0C91BC942}") = "scroll", "scroll.vcxproj", "{C0AF695D-78FF-7A73-75D1-4EB36CE97297}"
	ProjectSection(ProjectDependencies) = postProject
		{B36D9180-AF88-D9B1-D72E-D30B9E150AA2} = {B36D9180-AF88-D9B1-D72E-D30B9E150AA2}
	EndProjectSection
EndProject
Project("{8BC9CEB8-8B4A-11D0-8D11-00A0C91BC942}") = "shape", "shape.vcxproj", "{55B33F1C-7483-FDE0-511B-A5D133E4D889}"
	ProjectSection(ProjectDependencies) = postProject
		{B36D9180-AF88-D9B1-D72E-D30B9E150AA2} = {B36D9180-AF88-D9B1-D72E-D30B9E150AA2}
		{6EF77F7A-76E8-1056-F8A6-B3F3AF25B7A9} = {6EF77F7A-76E8-1056-F8A6-B3F3AF25B7A9}
	EndProjectSection
EndProject
Project("{8BC9CEB8-8B4A-11D0-8D11-00A0C91BC942}") = "subwindow", "subwindow.vcxproj", "{D71E42C6-19C3-16AF-D068-921E7FF3AA34}"
	ProjectSection(ProjectDependencies) = postProject
		{B36D9180-AF88-D9B1-D72E-D30B9E150AA2} = {B36D9180-AF88-D9B1-D72E-D30B9E150AA2}
	EndProjectSection
EndProject
Project("{8BC9CEB8-8B4A-11D0-8D11-00A0C91BC942}") = "sudoku", "sudoku.vcxproj", "{62CDE084-58F9-255D-8B55-F1F0010F16D0}"
	ProjectSection(ProjectDependencies) = postProject
		{B36D9180-AF88-D9B1-D72E-D30B9E150AA2} = {B36D9180-AF88-D9B1-D72E-D30B9E150AA2}
		{C11E174B-B327-4F77-2BA8-AF8954D22AB2} = {C11E174B-B327-4F77-2BA8-AF8954D22AB2}
		{57409143-42F8-09A3-E35E-ADB0D1D59E09} = {57409143-42F8-09A3-E35E-ADB0D1D59E09}
		{059DF732-291A-026B-ADBA-4C0B9AEFC835} = {059DF732-291A-026B-ADBA-4C0B9AEFC835}
		{56F1BABC-6F88-79EC-BA1F-15CAA8F2062F} = {56F1BABC-6F88-79EC-BA1F-15CAA8F2062F}
	EndProjectSection
EndProject
Project("{8BC9CEB8-8B4A-11D0-8D11-00A0C91BC942}") = "symbols", "symbols.vcxproj", "{46C76A63-85CF-50FA-CBA7-6D46D643648C}"
	ProjectSection(ProjectDependencies) = postProject
		{B36D9180-AF88-D9B1-D72E-D30B9E150AA2} = {B36D9180-AF88-D9B1-D72E-D30B9E150AA2}
	EndProjectSection
EndProject
Project("{8BC9CEB8-8B4A-11D0-8D11-00A0C91BC942}") = "tabs", "tabs.vcxproj", "{0141EDB9-BE63-1E7E-1F45-1C1E1ACD92E8}"
	ProjectSection(ProjectDependencies) = postProject
		{B36D9180-AF88-D9B1-D72E-D30B9E150AA2} = {B36D9180-AF88-D9B1-D72E-D30B9E150AA2}
		{2EAAB032-AA36-647B-ED0F-37DE13BDD3D3} = {2EAAB032-AA36-647B-ED0F-37DE13BDD3D3}
	EndProjectSection
EndProject
Project("{8BC9CEB8-8B4A-11D0-8D11-00A0C91BC942}") = "threads", "threads.vcxproj", "{409E3ECE-5B3F-2B27-EE07-CCAE9269D57A}"
	ProjectSection(ProjectDependencies) = postProject
		{B36D9180-AF88-D9B1-D72E-D30B9E150AA2} = {B36D9180-AF88-D9B1-D72E-D30B9E150AA2}
	EndProjectSection
EndProject
Project("{8BC9CEB8-8B4A-11D0-8D11-00A0C91BC942}") = "tile", "tile.vcxproj", "{F1F73D1A-1B19-094E-D10F-E25C77DB60C2}"
	ProjectSection(ProjectDependencies) = postProject
		{B36D9180-AF88-D9B1-D72E-D30B9E150AA2} = {B36D9180-AF88-D9B1-D72E-D30B9E150AA2}
	EndProjectSection
EndProject
Project("{8BC9CEB8-8B4A-11D0-8D11-00A0C91BC942}") = "tiled_image", "tiled_image.vcxproj", "{7379102D-345E-0AFF-4E11-578DF6507531}"
	ProjectSection(ProjectDependencies) = postProject
		{B36D9180-AF88-D9B1-D72E-D30B9E150AA2} = {B36D9180-AF88-D9B1-D72E-D30B9E150AA2}
	EndProjectSection
EndProject
Project("{8BC9CEB8-8B4A-11D0-8D11-00A0C91BC942}") = "valuators", "valuators.vcxproj", "{0338581E-1B9C-BE3F-164F-9DE1997BF80A}"
	ProjectSection(ProjectDependencies) = postProject
		{B36D9180-AF88-D9B1-D72E-D30B9E150AA2} = {B36D9180-AF88-D9B1-D72E-D30B9E150AA2}
		{2EAAB032-AA36-647B-ED0F-37DE13BDD3D3} = {2EAAB032-AA36-647B-ED0F-37DE13BDD3D3}
	EndProjectSection
EndProject
Project("{8BC9CEB8-8B4A-11D0-8D11-00A0C91BC942}") = "zlib", "zlib.vcxproj", "{56F1BABC-6F88-79EC-BA1F-15CAA8F2062F}"
EndProject
Global
	GlobalSection(SolutionConfigurationPlatforms) = preSolution
		Debug|Win32 = Debug|Win32
		Release|Win32 = Release|Win32
		Template|Win32 = Template|Win32
	EndGlobalSection
	GlobalSection(ProjectConfigurationPlatforms) = postSolution
		{579E5BDF-83FB-8261-2316-A9073FFCDB96}.Debug|Win32.ActiveCfg = Debug|Win32
		{579E5BDF-83FB-8261-2316-A9073FFCDB96}.Debug|Win32.Build.0 = Debug|Win32
		{579E5BDF-83FB-8261-2316-A9073FFCDB96}.Release|Win32.ActiveCfg = Release|Win32
		{579E5BDF-83FB-8261-2316-A9073FFCDB96}.Release|Win32.Build.0 = Release|Win32
		{579E5BDF-83FB-8261-2316-A9073FFCDB96}.Template|Win32.ActiveCfg = Release|Win32
		{579E5BDF-83FB-8261-2316-A9073FFCDB96}.Template|Win32.Build.0 = Release|Win32
		{57170D76-B8AA-938E-BA63-E29BE35C8029}.Debug|Win32.ActiveCfg = Debug|Win32
		{57170D76-B8AA-938E-BA63-E29BE35C8029}.Debug|Win32.Build.0 = Debug|Win32
		{57170D76-B8AA-938E-BA63-E29BE35C8029}.Release|Win32.ActiveCfg = Release|Win32
		{57170D76-B8AA-938E-BA63-E29BE35C8029}.Release|Win32.Build.0 = Release|Win32
		{57170D76-B8AA-938E-BA63-E29BE35C8029}.Template|Win32.ActiveCfg = Template|Win32
		{57170D76-B8AA-938E-BA63-E29BE35C8029}.Template|Win32.Build.0 = Template|Win32
		{EEB9A88D-6D0F-0D69-0F4D-AF06C8AC3EDA}.Debug|Win32.ActiveCfg = Debug|Win32
		{EEB9A88D-6D0F-0D69-0F4D-AF06C8AC3EDA}.Debug|Win32.Build.0 = Debug|Win32
		{EEB9A88D-6D0F-0D69-0F4D-AF06C8AC3EDA}.Release|Win32.ActiveCfg = Release|Win32
		{EEB9A88D-6D0F-0D69-0F4D-AF06C8AC3EDA}.Release|Win32.Build.0 = Release|Win32
		{EEB9A88D-6D0F-0D69-0F4D-AF06C8AC3EDA}.Template|Win32.ActiveCfg = Template|Win32
		{EEB9A88D-6D0F-0D69-0F4D-AF06C8AC3EDA}.Template|Win32.Build.0 = Template|Win32
		{FA5EC8E8-CC5F-4722-99F0-08D884CBE000}.Debug|Win32.ActiveCfg = Debug|Win32
		{FA5EC8E8-CC5F-4722-99F0-08D884CBE000}.Debug|Win32.Build.0 = Debug|Win32
		{FA5EC8E8-CC5F-4722-99F0-08D884CBE000}.Release|Win32.ActiveCfg = Release|Win32
		{FA5EC8E8-CC5F-4722-99F0-08D884CBE000}.Release|Win32.Build.0 = Release|Win32
		{FA5EC8E8-CC5F-4722-99F0-08D884CBE000}.Template|Win32.ActiveCfg = Template|Win32
		{FA5EC8E8-CC5F-4722-99F0-08D884CBE000}.Template|Win32.Build.0 = Template|Win32
		{EA8AACBE-2564-2E3F-7743-78DA9F1E0A66}.Debug|Win32.ActiveCfg = Debug|Win32
		{EA8AACBE-2564-2E3F-7743-78DA9F1E0A66}.Debug|Win32.Build.0 = Debug|Win32
		{EA8AACBE-2564-2E3F-7743-78DA9F1E0A66}.Release|Win32.ActiveCfg = Release|Win32
		{EA8AACBE-2564-2E3F-7743-78DA9F1E0A66}.Release|Win32.Build.0 = Release|Win32
		{EA8AACBE-2564-2E3F-7743-78DA9F1E0A66}.Template|Win32.ActiveCfg = Template|Win32
		{EA8AACBE-2564-2E3F-7743-78DA9F1E0A66}.Template|Win32.Build.0 = Template|Win32
		{A6B088DF-6F8D-4451-354F-F50523834A8A}.Debug|Win32.ActiveCfg = Debug|Win32
		{A6B088DF-6F8D-4451-354F-F50523834A8A}.Debug|Win32.Build.0 = Debug|Win32
		{A6B088DF-6F8D-4451-354F-F50523834A8A}.Release|Win32.ActiveCfg = Release|Win32
		{A6B088DF-6F8D-4451-354F-F50523834A8A}.Release|Win32.Build.0 = Release|Win32
		{A6B088DF-6F8D-4451-354F-F50523834A8A}.Template|Win32.ActiveCfg = Template|Win32
		{A6B088DF-6F8D-4451-354F-F50523834A8A}.Template|Win32.Build.0 = Template|Win32
		{CA5580DA-F1ED-1F79-AD70-7F1B350D1EBF}.Debug|Win32.ActiveCfg = Debug|Win32
		{CA5580DA-F1ED-1F79-AD70-7F1B350D1EBF}.Debug|Win32.Build.0 = Debug|Win32
		{CA5580DA-F1ED-1F79-AD70-7F1B350D1EBF}.Release|Win32.ActiveCfg = Release|Win32
		{CA5580DA-F1ED-1F79-AD70-7F1B350D1EBF}.Release|Win32.Build.0 = Release|Win32
		{CA5580DA-F1ED-1F79-AD70-7F1B350D1EBF}.Template|Win32.ActiveCfg = Template|Win32
		{CA5580DA-F1ED-1F79-AD70-7F1B350D1EBF}.Template|Win32.Build.0 = Template|Win32
		{649B0B41-0973-3018-4485-EFC80BEF9BC3}.Debug|Win32.ActiveCfg = Debug|Win32
		{649B0B41-0973-3018-4485-EFC80BEF9BC3}.Debug|Win32.Build.0 = Debug|Win32
		{649B0B41-0973-3018-4485-EFC80BEF9BC3}.Release|Win32.ActiveCfg = Release|Win32
		{649B0B41-0973-3018-4485-EFC80BEF9BC3}.Release|Win32.Build.0 = Release|Win32
		{649B0B41-0973-3018-4485-EFC80BEF9BC3}.Template|Win32.ActiveCfg = Template|Win32
		{649B0B41-0973-3018-4485-EFC80BEF9BC3}.Template|Win32.Build.0 = Template|Win32
		{25596CD6-2BA5-7F6C-68BB-DA4B6E405668}.Debug|Win32.ActiveCfg = Debug|Win32
		{25596CD6-2BA5-7F6C-68BB-DA4B6E405668}.Debug|Win32.Build.0 = Debug|Win32
		{25596CD6-2BA5-7F6C-68BB-DA4B6E405668}.Release|Win32.ActiveCfg = Release|Win32
		{25596CD6-2BA5-7F6C-68BB-DA4B6E405668}.Release|Win32.Build.0 = Release|Win32
		{25596CD6-2BA5-7F6C-68BB-DA4B6E405668}.Template|Win32.ActiveCfg = Template|Win32
		{25596CD6-2BA5-7F6C-68BB-DA4B6E405668}.Template|Win32.Build.0 = Template|Win32
		{385F1CB5-E875-C503-4314-3F4956BAC370}.Debug|Win32.ActiveCfg = Debug|Win32
		{385F1CB5-E875-C503-4314-3F4956BAC370}.Debug|Win32.Build.0 = Debug|Win32
		{385F1CB5-E875-C503-4314-3F4956BAC370}.Release|Win32.ActiveCfg = Release|Win32
		{385F1CB5-E875-C503-4314-3F4956BAC370}.Release|Win32.Build.0 = Release|Win32
		{385F1CB5-E875-C503-4314-3F4956BAC370}.Template|Win32.ActiveCfg = Template|Win32
		{385F1CB5-E875-C503-4314-3F4956BAC370}.Template|Win32.Build.0 = Template|Win32
		{41A5B73F-C7AB-3B30-8BAC-6EC3B2D5E172}.Debug|Win32.ActiveCfg = Debug|Win32
		{41A5B73F-C7AB-3B30-8BAC-6EC3B2D5E172}.Debug|Win32.Build.0 = Debug|Win32
		{41A5B73F-C7AB-3B30-8BAC-6EC3B2D5E172}.Release|Win32.ActiveCfg = Release|Win32
		{41A5B73F-C7AB-3B30-8BAC-6EC3B2D5E172}.Release|Win32.Build.0 = Release|Win32
		{41A5B73F-C7AB-3B30-8BAC-6EC3B2D5E172}.Template|Win32.ActiveCfg = Template|Win32
		{41A5B73F-C7AB-3B30-8BAC-6EC3B2D5E172}.Template|Win32.Build.0 = Template|Win32
		{566E2D03-3794-0550-B003-BECF5878F4F8}.Debug|Win32.ActiveCfg = Debug|Win32
		{566E2D03-3794-0550-B003-BECF5878F4F8}.Debug|Win32.Build.0 = Debug|Win32
		{566E2D03-3794-0550-B003-BECF5878F4F8}.Release|Win32.ActiveCfg = Release|Win32
		{566E2D03-3794-0550-B003-BECF5878F4F8}.Release|Win32.Build.0 = Release|Win32
		{566E2D03-3794-0550-B003-BECF5878F4F8}.Template|Win32.ActiveCfg = Template|Win32
		{566E2D03-3794-0550-B003-BECF5878F4F8}.Template|Win32.Build.0 = Template|Win32
		{C0268A0B-4E15-8C82-5E93-FE2E988474CC}.Debug|Win32.ActiveCfg = Debug|Win32
		{C0268A0B-4E15-8C82-5E93-FE2E988474CC}.Debug|Win32.Build.0 = Debug|Win32
		{C0268A0B-4E15-8C82-5E93-FE2E988474CC}.Release|Win32.ActiveCfg = Release|Win32
		{C0268A0B-4E15-8C82-5E93-FE2E988474CC}.Release|Win32.Build.0 = Release|Win32
		{C0268A0B-4E15-8C82-5E93-FE2E988474CC}.Template|Win32.ActiveCfg = Template|Win32
		{C0268A0B-4E15-8C82-5E93-FE2E988474CC}.Template|Win32.Build.0 = Template|Win32
		{63A36E76-6099-A3EC-2942-ADAA39C711EC}.Debug|Win32.ActiveCfg = Debug|Win32
		{63A36E76-6099-A3EC-2942-ADAA39C711EC}.Debug|Win32.Build.0 = Debug|Win32
		{63A36E76-6099-A3EC-2942-ADAA39C711EC}.Release|Win32.ActiveCfg = Release|Win32
		{63A36E76-6099-A3EC-2942-ADAA39C711EC}.Release|Win32.Build.0 = Release|Win32
		{63A36E76-6099-A3EC-2942-ADAA39C711EC}.Template|Win32.ActiveCfg = Template|Win32
		{63A36E76-6099-A3EC-2942-ADAA39C711EC}.Template|Win32.Build.0 = Template|Win32
		{D9F80472-1999-68AE-1053-00DA1CD5C398}.Debug|Win32.ActiveCfg = Debug|Win32
		{D9F80472-1999-68AE-1053-00DA1CD5C398}.Debug|Win32.Build.0 = Debug|Win32
		{D9F80472-1999-68AE-1053-00DA1CD5C398}.Release|Win32.ActiveCfg = Release|Win32
		{D9F80472-1999-68AE-1053-00DA1CD5C398}.Release|Win32.Build.0 = Release|Win32
		{D9F80472-1999-68AE-1053-00DA1CD5C398}.Template|Win32.ActiveCfg = Template|Win32
		{D9F80472-1999-68AE-1053-00DA1CD5C398}.Template|Win32.Build.0 = Template|Win32
		{A7216268-284B-A5AE-A067-133C6399B414}.Debug|Win32.ActiveCfg = Debug|Win32
		{A7216268-284B-A5AE-A067-133C6399B414}.Debug|Win32.Build.0 = Debug|Win32
		{A7216268-284B-A5AE-A067-133C6399B414}.Release|Win32.ActiveCfg = Release|Win32
		{A7216268-284B-A5AE-A067-133C6399B414}.Release|Win32.Build.0 = Release|Win32
		{A7216268-284B-A5AE-A067-133C6399B414}.Template|Win32.ActiveCfg = Template|Win32
		{A7216268-284B-A5AE-A067-133C6399B414}.Template|Win32.Build.0 = Template|Win32
		{2F753E9A-09D0-AD72-3EB8-2EB6043EA659}.Debug|Win32.ActiveCfg = Debug|Win32
		{2F753E9A-09D0-AD72-3EB8-2EB6043EA659}.Debug|Win32.Build.0 = Debug|Win32
		{2F753E9A-09D0-AD72-3EB8-2EB6043EA659}.Release|Win32.ActiveCfg = Release|Win32
		{2F753E9A-09D0-AD72-3EB8-2EB6043EA659}.Release|Win32.Build.0 = Release|Win32
		{2F753E9A-09D0-AD72-3EB8-2EB6043EA659}.Template|Win32.ActiveCfg = Template|Win32
		{2F753E9A-09D0-AD72-3EB8-2EB6043EA659}.Template|Win32.Build.0 = Template|Win32
		{0C638BA4-5C10-789F-EC13-B2119CAEA059}.Debug|Win32.ActiveCfg = Debug|Win32
		{0C638BA4-5C10-789F-EC13-B2119CAEA059}.Debug|Win32.Build.0 = Debug|Win32
		{0C638BA4-5C10-789F-EC13-B2119CAEA059}.Release|Win32.ActiveCfg = Release|Win32
		{0C638BA4-5C10-789F-EC13-B2119CAEA059}.Release|Win32.Build.0 = Release|Win32
		{0C638BA4-5C10-789F-EC13-B2119CAEA059}.Template|Win32.ActiveCfg = Template|Win32
		{0C638BA4-5C10-789F-EC13-B2119CAEA059}.Template|Win32.Build.0 = Template|Win32
		{79E527F9-5B66-514C-7E4C-2AF673082EF1}.Debug|Win32.ActiveCfg = Debug|Win32
		{79E527F9-5B66-514C-7E4C-2AF673082EF1}.Debug|Win32.Build.0 = Debug|Win32
		{79E527F9-5B66-514C-7E4C-2AF673082EF1}.Release|Win32.ActiveCfg = Release|Win32
		{79E527F9-5B66-514C-7E4C-2AF673082EF1}.Release|Win32.Build.0 = Release|Win32
		{79E527F9-5B66-514C-7E4C-2AF673082EF1}.Template|Win32.ActiveCfg = Template|Win32
		{79E527F9-5B66-514C-7E4C-2AF673082EF1}.Template|Win32.Build.0 = Template|Win32
		{73455DD8-4109-955A-0AC6-10911A6BAF70}.Debug|Win32.ActiveCfg = Debug|Win32
		{73455DD8-4109-955A-0AC6-10911A6BAF70}.Debug|Win32.Build.0 = Debug|Win32
		{73455DD8-4109-955A-0AC6-10911A6BAF70}.Release|Win32.ActiveCfg = Release|Win32
		{73455DD8-4109-955A-0AC6-10911A6BAF70}.Release|Win32.Build.0 = Release|Win32
		{73455DD8-4109-955A-0AC6-10911A6BAF70}.Template|Win32.ActiveCfg = Template|Win32
		{73455DD8-4109-955A-0AC6-10911A6BAF70}.Template|Win32.Build.0 = Template|Win32
		{FB89687E-886B-3556-3A75-8B5223F2E1EC}.Debug|Win32.ActiveCfg = Debug|Win32
		{FB89687E-886B-3556-3A75-8B5223F2E1EC}.Debug|Win32.Build.0 = Debug|Win32
		{FB89687E-886B-3556-3A75-8B5223F2E1EC}.Release|Win32.ActiveCfg = Release|Win32
		{FB89687E-886B-3556-3A75-8B5223F2E1EC}.Release|Win32.Build.0 = Release|Win32
		{FB89687E-886B-3556-3A75-8B5223F2E1EC}.Template|Win32.ActiveCfg = Template|Win32
		{FB89687E-886B-3556-3A75-8B5223F2E1EC}.Template|Win32.Build.0 = Template|Win32
		{FC159E64-C3C6-1036-88A8-F7ABE104F682}.Debug|Win32.ActiveCfg = Debug|Win32
		{FC159E64-C3C6-1036-88A8-F7ABE104F682}.Debug|Win32.Build.0 = Debug|Win32
		{FC159E64-C3C6-1036-88A8-F7ABE104F682}.Release|Win32.ActiveCfg = Release|Win32
		{FC159E64-C3C6-1036-88A8-F7ABE104F682}.Release|Win32.Build.0 = Release|Win32
		{FC159E64-C3C6-1036-88A8-F7ABE104F682}.Template|Win32.ActiveCfg = Template|Win32
		{FC159E64-C3C6-1036-88A8-F7ABE104F682}.Template|Win32.Build.0 = Template|Win32
		{B36D9180-AF88-D9B1-D72E-D30B9E150AA2}.Debug|Win32.ActiveCfg = Debug|Win32
		{B36D9180-AF88-D9B1-D72E-D30B9E150AA2}.Debug|Win32.Build.0 = Debug|Win32
		{B36D9180-AF88-D9B1-D72E-D30B9E150AA2}.Release|Win32.ActiveCfg = Release|Win32
		{B36D9180-AF88-D9B1-D72E-D30B9E150AA2}.Release|Win32.Build.0 = Release|Win32
		{B36D9180-AF88-D9B1-D72E-D30B9E150AA2}.Template|Win32.ActiveCfg = Template|Win32
		{B36D9180-AF88-D9B1-D72E-D30B9E150AA2}.Template|Win32.Build.0 = Template|Win32
		{5EC8EE2C-33A2-478E-404C-E6A437FEB293}.Debug|Win32.ActiveCfg = Debug|Win32
		{5EC8EE2C-33A2-478E-404C-E6A437FEB293}.Debug|Win32.Build.0 = Debug|Win32
		{5EC8EE2C-33A2-478E-404C-E6A437FEB293}.Release|Win32.ActiveCfg = Release|Win32
		{5EC8EE2C-33A2-478E-404C-E6A437FEB293}.Release|Win32.Build.0 = Release|Win32
		{5EC8EE2C-33A2-478E-404C-E6A437FEB293}.Template|Win32.ActiveCfg = Template|Win32
		{5EC8EE2C-33A2-478E-404C-E6A437FEB293}.Template|Win32.Build.0 = Template|Win32
		{5D3BAD98-4DF7-6FEF-22DA-EB4E023828F9}.Debug|Win32.ActiveCfg = Debug|Win32
		{5D3BAD98-4DF7-6FEF-22DA-EB4E023828F9}.Debug|Win32.Build.0 = Debug|Win32
		{5D3BAD98-4DF7-6FEF-22DA-EB4E023828F9}.Release|Win32.ActiveCfg = Release|Win32
		{5D3BAD98-4DF7-6FEF-22DA-EB4E023828F9}.Release|Win32.Build.0 = Release|Win32
		{5D3BAD98-4DF7-6FEF-22DA-EB4E023828F9}.Template|Win32.ActiveCfg = Template|Win32
		{5D3BAD98-4DF7-6FEF-22DA-EB4E023828F9}.Template|Win32.Build.0 = Template|Win32
		{6EF77F7A-76E8-1056-F8A6-B3F3AF25B7A9}.Debug|Win32.ActiveCfg = Debug|Win32
		{6EF77F7A-76E8-1056-F8A6-B3F3AF25B7A9}.Debug|Win32.Build.0 = Debug|Win32
		{6EF77F7A-76E8-1056-F8A6-B3F3AF25B7A9}.Release|Win32.ActiveCfg = Release|Win32
		{6EF77F7A-76E8-1056-F8A6-B3F3AF25B7A9}.Release|Win32.Build.0 = Release|Win32
		{6EF77F7A-76E8-1056-F8A6-B3F3AF25B7A9}.Template|Win32.ActiveCfg = Template|Win32
		{6EF77F7A-76E8-1056-F8A6-B3F3AF25B7A9}.Template|Win32.Build.0 = Template|Win32
		{C11E174B-B327-4F77-2BA8-AF8954D22AB2}.Debug|Win32.ActiveCfg = Debug|Win32
		{C11E174B-B327-4F77-2BA8-AF8954D22AB2}.Debug|Win32.Build.0 = Debug|Win32
		{C11E174B-B327-4F77-2BA8-AF8954D22AB2}.Release|Win32.ActiveCfg = Release|Win32
		{C11E174B-B327-4F77-2BA8-AF8954D22AB2}.Release|Win32.Build.0 = Release|Win32
		{C11E174B-B327-4F77-2BA8-AF8954D22AB2}.Template|Win32.ActiveCfg = Template|Win32
		{C11E174B-B327-4F77-2BA8-AF8954D22AB2}.Template|Win32.Build.0 = Template|Win32
		{2EAAB032-AA36-647B-ED0F-37DE13BDD3D3}.Debug|Win32.ActiveCfg = Debug|Win32
		{2EAAB032-AA36-647B-ED0F-37DE13BDD3D3}.Debug|Win32.Build.0 = Debug|Win32
		{2EAAB032-AA36-647B-ED0F-37DE13BDD3D3}.Release|Win32.ActiveCfg = Release|Win32
		{2EAAB032-AA36-647B-ED0F-37DE13BDD3D3}.Release|Win32.Build.0 = Release|Win32
		{2EAAB032-AA36-647B-ED0F-37DE13BDD3D3}.Template|Win32.ActiveCfg = Template|Win32
		{2EAAB032-AA36-647B-ED0F-37DE13BDD3D3}.Template|Win32.Build.0 = Template|Win32
		{278D11C9-6B5E-59E3-5297-42BF809BDED6}.Debug|Win32.ActiveCfg = Debug|Win32
		{278D11C9-6B5E-59E3-5297-42BF809BDED6}.Debug|Win32.Build.0 = Debug|Win32
		{278D11C9-6B5E-59E3-5297-42BF809BDED6}.Release|Win32.ActiveCfg = Release|Win32
		{278D11C9-6B5E-59E3-5297-42BF809BDED6}.Release|Win32.Build.0 = Release|Win32
		{278D11C9-6B5E-59E3-5297-42BF809BDED6}.Template|Win32.ActiveCfg = Template|Win32
		{278D11C9-6B5E-59E3-5297-42BF809BDED6}.Template|Win32.Build.0 = Template|Win32
		{435FA3C1-56D7-20E3-6AE2-DDA6BFB3C35B}.Debug|Win32.ActiveCfg = Debug|Win32
		{435FA3C1-56D7-20E3-6AE2-DDA6BFB3C35B}.Debug|Win32.Build.0 = Debug|Win32
		{435FA3C1-56D7-20E3-6AE2-DDA6BFB3C35B}.Release|Win32.ActiveCfg = Release|Win32
		{435FA3C1-56D7-20E3-6AE2-DDA6BFB3C35B}.Release|Win32.Build.0 = Release|Win32
		{435FA3C1-56D7-20E3-6AE2-DDA6BFB3C35B}.Template|Win32.ActiveCfg = Template|Win32
		{435FA3C1-56D7-20E3-6AE2-DDA6BFB3C35B}.Template|Win32.Build.0 = Template|Win32
		{9F9A6482-3CBB-D744-9140-FAA3C866394F}.Debug|Win32.ActiveCfg = Debug|Win32
		{9F9A6482-3CBB-D744-9140-FAA3C866394F}.Debug|Win32.Build.0 = Debug|Win32
		{9F9A6482-3CBB-D744-9140-FAA3C866394F}.Release|Win32.ActiveCfg = Release|Win32
		{9F9A6482-3CBB-D744-9140-FAA3C866394F}.Release|Win32.Build.0 = Release|Win32
		{9F9A6482-3CBB-D744-9140-FAA3C866394F}.Template|Win32.ActiveCfg = Template|Win32
		{9F9A6482-3CBB-D744-9140-FAA3C866394F}.Template|Win32.Build.0 = Template|Win32
		{F96E6A2D-BD4C-583B-9106-433182E8D109}.Debug|Win32.ActiveCfg = Debug|Win32
		{F96E6A2D-BD4C-583B-9106-433182E8D109}.Debug|Win32.Build.0 = Debug|Win32
		{F96E6A2D-BD4C-583B-9106-433182E8D109}.Release|Win32.ActiveCfg = Release|Win32
		{F96E6A2D-BD4C-583B-9106-433182E8D109}.Release|Win32.Build.0 = Release|Win32
		{F96E6A2D-BD4C-583B-9106-433182E8D109}.Template|Win32.ActiveCfg = Template|Win32
		{F96E6A2D-BD4C-583B-9106-433182E8D109}.Template|Win32.Build.0 = Template|Win32
		{B55EB11E-5A76-741E-0131-9713A740BDEE}.Debug|Win32.ActiveCfg = Debug|Win32
		{B55EB11E-5A76-741E-0131-9713A740BDEE}.Debug|Win32.Build.0 = Debug|Win32
		{B55EB11E-5A76-741E-0131-9713A740BDEE}.Release|Win32.ActiveCfg = Release|Win32
		{B55EB11E-5A76-741E-0131-9713A740BDEE}.Release|Win32.Build.0 = Release|Win32
		{B55EB11E-5A76-741E-0131-9713A740BDEE}.Template|Win32.ActiveCfg = Template|Win32
		{B55EB11E-5A76-741E-0131-9713A740BDEE}.Template|Win32.Build.0 = Template|Win32
		{0AE39476-F0FA-4B50-25A1-C2BAEF7D0F35}.Debug|Win32.ActiveCfg = Debug|Win32
		{0AE39476-F0FA-4B50-25A1-C2BAEF7D0F35}.Debug|Win32.Build.0 = Debug|Win32
		{0AE39476-F0FA-4B50-25A1-C2BAEF7D0F35}.Release|Win32.ActiveCfg = Release|Win32
		{0AE39476-F0FA-4B50-25A1-C2BAEF7D0F35}.Release|Win32.Build.0 = Release|Win32
		{0AE39476-F0FA-4B50-25A1-C2BAEF7D0F35}.Template|Win32.ActiveCfg = Template|Win32
		{0AE39476-F0FA-4B50-25A1-C2BAEF7D0F35}.Template|Win32.Build.0 = Template|Win32
		{444167B9-E63D-A0F0-2F55-21CFB4BDF687}.Debug|Win32.ActiveCfg = Debug|Win32
		{444167B9-E63D-A0F0-2F55-21CFB4BDF687}.Debug|Win32.Build.0 = Debug|Win32
		{444167B9-E63D-A0F0-2F55-21CFB4BDF687}.Release|Win32.ActiveCfg = Release|Win32
		{444167B9-E63D-A0F0-2F55-21CFB4BDF687}.Release|Win32.Build.0 = Release|Win32
		{444167B9-E63D-A0F0-2F55-21CFB4BDF687}.Template|Win32.ActiveCfg = Template|Win32
		{444167B9-E63D-A0F0-2F55-21CFB4BDF687}.Template|Win32.Build.0 = Template|Win32
		{D8CED9E6-3C09-34A0-BB9A-21A674B76AF4}.Debug|Win32.ActiveCfg = Debug|Win32
		{D8CED9E6-3C09-34A0-BB9A-21A674B76AF4}.Debug|Win32.Build.0 = Debug|Win32
		{D8CED9E6-3C09-34A0-BB9A-21A674B76AF4}.Release|Win32.ActiveCfg = Release|Win32
		{D8CED9E6-3C09-34A0-BB9A-21A674B76AF4}.Release|Win32.Build.0 = Release|Win32
		{D8CED9E6-3C09-34A0-BB9A-21A674B76AF4}.Template|Win32.ActiveCfg = Template|Win32
		{D8CED9E6-3C09-34A0-BB9A-21A674B76AF4}.Template|Win32.Build.0 = Template|Win32
		{BAAFD107-E5EE-4B16-4A83-D68318328640}.Debug|Win32.ActiveCfg = Debug|Win32
		{BAAFD107-E5EE-4B16-4A83-D68318328640}.Debug|Win32.Build.0 = Debug|Win32
		{BAAFD107-E5EE-4B16-4A83-D68318328640}.Release|Win32.ActiveCfg = Release|Win32
		{BAAFD107-E5EE-4B16-4A83-D68318328640}.Release|Win32.Build.0 = Release|Win32
		{BAAFD107-E5EE-4B16-4A83-D68318328640}.Template|Win32.ActiveCfg = Template|Win32
		{BAAFD107-E5EE-4B16-4A83-D68318328640}.Template|Win32.Build.0 = Template|Win32
		{D1EA8D26-51A4-FCD6-C83E-B2C7BF8CAD60}.Debug|Win32.ActiveCfg = Debug|Win32
		{D1EA8D26-51A4-FCD6-C83E-B2C7BF8CAD60}.Debug|Win32.Build.0 = Debug|Win32
		{D1EA8D26-51A4-FCD6-C83E-B2C7BF8CAD60}.Release|Win32.ActiveCfg = Release|Win32
		{D1EA8D26-51A4-FCD6-C83E-B2C7BF8CAD60}.Release|Win32.Build.0 = Release|Win32
		{D1EA8D26-51A4-FCD6-C83E-B2C7BF8CAD60}.Template|Win32.ActiveCfg = Template|Win32
		{D1EA8D26-51A4-FCD6-C83E-B2C7BF8CAD60}.Template|Win32.Build.0 = Template|Win32
		{48B7BE38-FA53-FAE3-0232-B226AF251140}.Debug|Win32.ActiveCfg = Debug|Win32
		{48B7BE38-FA53-FAE3-0232-B226AF251140}.Debug|Win32.Build.0 = Debug|Win32
		{48B7BE38-FA53-FAE3-0232-B226AF251140}.Release|Win32.ActiveCfg = Release|Win32
		{48B7BE38-FA53-FAE3-0232-B226AF251140}.Release|Win32.Build.0 = Release|Win32
		{48B7BE38-FA53-FAE3-0232-B226AF251140}.Template|Win32.ActiveCfg = Template|Win32
		{48B7BE38-FA53-FAE3-0232-B226AF251140}.Template|Win32.Build.0 = Template|Win32
		{C0F84765-1BF3-E351-B4BE-A70C15E3F344}.Debug|Win32.ActiveCfg = Debug|Win32
		{C0F84765-1BF3-E351-B4BE-A70C15E3F344}.Debug|Win32.Build.0 = Debug|Win32
		{C0F84765-1BF3-E351-B4BE-A70C15E3F344}.Release|Win32.ActiveCfg = Release|Win32
		{C0F84765-1BF3-E351-B4BE-A70C15E3F344}.Release|Win32.Build.0 = Release|Win32
		{C0F84765-1BF3-E351-B4BE-A70C15E3F344}.Template|Win32.ActiveCfg = Template|Win32
		{C0F84765-1BF3-E351-B4BE-A70C15E3F344}.Template|Win32.Build.0 = Template|Win32
		{54050F62-46F7-FE27-485A-7202E4B12593}.Debug|Win32.ActiveCfg = Debug|Win32
		{54050F62-46F7-FE27-485A-7202E4B12593}.Debug|Win32.Build.0 = Debug|Win32
		{54050F62-46F7-FE27-485A-7202E4B12593}.Release|Win32.ActiveCfg = Release|Win32
		{54050F62-46F7-FE27-485A-7202E4B12593}.Release|Win32.Build.0 = Release|Win32
		{54050F62-46F7-FE27-485A-7202E4B12593}.Template|Win32.ActiveCfg = Template|Win32
		{54050F62-46F7-FE27-485A-7202E4B12593}.Template|Win32.Build.0 = Template|Win32
		{57409143-42F8-09A3-E35E-ADB0D1D59E09}.Debug|Win32.ActiveCfg = Debug|Win32
		{57409143-42F8-09A3-E35E-ADB0D1D59E09}.Debug|Win32.Build.0 = Debug|Win32
		{57409143-42F8-09A3-E35E-ADB0D1D59E09}.Release|Win32.ActiveCfg = Release|Win32
		{57409143-42F8-09A3-E35E-ADB0D1D59E09}.Release|Win32.Build.0 = Release|Win32
		{57409143-42F8-09A3-E35E-ADB0D1D59E09}.Template|Win32.ActiveCfg = Template|Win32
		{57409143-42F8-09A3-E35E-ADB0D1D59E09}.Template|Win32.Build.0 = Template|Win32
		{B044229E-BFA5-C998-13E1-E68182ED6989}.Debug|Win32.ActiveCfg = Debug|Win32
		{B044229E-BFA5-C998-13E1-E68182ED6989}.Debug|Win32.Build.0 = Debug|Win32
		{B044229E-BFA5-C998-13E1-E68182ED6989}.Release|Win32.ActiveCfg = Release|Win32
		{B044229E-BFA5-C998-13E1-E68182ED6989}.Release|Win32.Build.0 = Release|Win32
		{B044229E-BFA5-C998-13E1-E68182ED6989}.Template|Win32.ActiveCfg = Template|Win32
		{B044229E-BFA5-C998-13E1-E68182ED6989}.Template|Win32.Build.0 = Template|Win32
		{B34C73A3-AF80-1E9B-FA5C-F95AA5CCFEAF}.Debug|Win32.ActiveCfg = Debug|Win32
		{B34C73A3-AF80-1E9B-FA5C-F95AA5CCFEAF}.Debug|Win32.Build.0 = Debug|Win32
		{B34C73A3-AF80-1E9B-FA5C-F95AA5CCFEAF}.Release|Win32.ActiveCfg = Release|Win32
		{B34C73A3-AF80-1E9B-FA5C-F95AA5CCFEAF}.Release|Win32.Build.0 = Release|Win32
		{B34C73A3-AF80-1E9B-FA5C-F95AA5CCFEAF}.Template|Win32.ActiveCfg = Template|Win32
		{B34C73A3-AF80-1E9B-FA5C-F95AA5CCFEAF}.Template|Win32.Build.0 = Template|Win32
		{059DF732-291A-026B-ADBA-4C0B9AEFC835}.Debug|Win32.ActiveCfg = Debug|Win32
		{059DF732-291A-026B-ADBA-4C0B9AEFC835}.Debug|Win32.Build.0 = Debug|Win32
		{059DF732-291A-026B-ADBA-4C0B9AEFC835}.Release|Win32.ActiveCfg = Release|Win32
		{059DF732-291A-026B-ADBA-4C0B9AEFC835}.Release|Win32.Build.0 = Release|Win32
		{059DF732-291A-026B-ADBA-4C0B9AEFC835}.Template|Win32.ActiveCfg = Template|Win32
		{059DF732-291A-026B-ADBA-4C0B9AEFC835}.Template|Win32.Build.0 = Template|Win32
		{082A8C3C-5ED2-0396-8AE0-89D7237FC390}.Debug|Win32.ActiveCfg = Debug|Win32
		{082A8C3C-5ED2-0396-8AE0-89D7237FC390}.Debug|Win32.Build.0 = Debug|Win32
		{082A8C3C-5ED2-0396-8AE0-89D7237FC390}.Release|Win32.ActiveCfg = Release|Win32
		{082A8C3C-5ED2-0396-8AE0-89D7237FC390}.Release|Win32.Build.0 = Release|Win32
		{082A8C3C-5ED2-0396-8AE0-89D7237FC390}.Template|Win32.ActiveCfg = Template|Win32
		{082A8C3C-5ED2-0396-8AE0-89D7237FC390}.Template|Win32.Build.0 = Template|Win32
		{8F4A7E37-2569-1B06-DA73-EB5896D99E5F}.Debug|Win32.ActiveCfg = Debug|Win32
		{8F4A7E37-2569-1B06-DA73-EB5896D99E5F}.Debug|Win32.Build.0 = Debug|Win32
		{8F4A7E37-2569-1B06-DA73-EB5896D99E5F}.Release|Win32.ActiveCfg = Release|Win32
		{8F4A7E37-2569-1B06-DA73-EB5896D99E5F}.Release|Win32.Build.0 = Release|Win32
		{8F4A7E37-2569-1B06-DA73-EB5896D99E5F}.Template|Win32.ActiveCfg = Template|Win32
		{8F4A7E37-2569-1B06-DA73-EB5896D99E5F}.Template|Win32.Build.0 = Template|Win32
		{7D96F2F0-E8DB-B89B-02A4-B216A393C807}.Debug|Win32.ActiveCfg = Debug|Win32
		{7D96F2F0-E8DB-B89B-02A4-B216A393C807}.Debug|Win32.Build.0 = Debug|Win32
		{7D96F2F0-E8DB-B89B-02A4-B216A393C807}.Release|Win32.ActiveCfg = Release|Win32
		{7D96F2F0-E8DB-B89B-02A4-B216A393C807}.Release|Win32.Build.0 = Release|Win32
		{7D96F2F0-E8DB-B89B-02A4-B216A393C807}.Template|Win32.ActiveCfg = Template|Win32
		{7D96F2F0-E8DB-B89B-02A4-B216A393C807}.Template|Win32.Build.0 = Template|Win32
		{F90B2AB9-DE2E-38AD-AD15-B4D1D10FBB08}.Debug|Win32.ActiveCfg = Debug|Win32
		{F90B2AB9-DE2E-38AD-AD15-B4D1D10FBB08}.Debug|Win32.Build.0 = Debug|Win32
		{F90B2AB9-DE2E-38AD-AD15-B4D1D10FBB08}.Release|Win32.ActiveCfg = Release|Win32
		{F90B2AB9-DE2E-38AD-AD15-B4D1D10FBB08}.Release|Win32.Build.0 = Release|Win32
		{F90B2AB9-DE2E-38AD-AD15-B4D1D10FBB08}.Template|Win32.ActiveCfg = Template|Win32
		{F90B2AB9-DE2E-38AD-AD15-B4D1D10FBB08}.Template|Win32.Build.0 = Template|Win32
		{5940036B-9757-9AA6-DF7A-255C5FB97A12}.Debug|Win32.ActiveCfg = Debug|Win32
		{5940036B-9757-9AA6-DF7A-255C5FB97A12}.Debug|Win32.Build.0 = Debug|Win32
		{5940036B-9757-9AA6-DF7A-255C5FB97A12}.Release|Win32.ActiveCfg = Release|Win32
		{5940036B-9757-9AA6-DF7A-255C5FB97A12}.Release|Win32.Build.0 = Release|Win32
		{5940036B-9757-9AA6-DF7A-255C5FB97A12}.Template|Win32.ActiveCfg = Template|Win32
		{5940036B-9757-9AA6-DF7A-255C5FB97A12}.Template|Win32.Build.0 = Template|Win32
		{54FA3EE5-ED5A-E1CD-A996-79628086DF75}.Debug|Win32.ActiveCfg = Debug|Win32
		{54FA3EE5-ED5A-E1CD-A996-79628086DF75}.Debug|Win32.Build.0 = Debug|Win32
		{54FA3EE5-ED5A-E1CD-A996-79628086DF75}.Release|Win32.ActiveCfg = Release|Win32
		{54FA3EE5-ED5A-E1CD-A996-79628086DF75}.Release|Win32.Build.0 = Release|Win32
		{54FA3EE5-ED5A-E1CD-A996-79628086DF75}.Template|Win32.ActiveCfg = Template|Win32
		{54FA3EE5-ED5A-E1CD-A996-79628086DF75}.Template|Win32.Build.0 = Template|Win32
		{AF1DEB8F-0D1B-F383-A4C0-DFCAA178FB70}.Debug|Win32.ActiveCfg = Debug|Win32
		{AF1DEB8F-0D1B-F383-A4C0-DFCAA178FB70}.Debug|Win32.Build.0 = Debug|Win32
		{AF1DEB8F-0D1B-F383-A4C0-DFCAA178FB70}.Release|Win32.ActiveCfg = Release|Win32
		{AF1DEB8F-0D1B-F383-A4C0-DFCAA178FB70}.Release|Win32.Build.0 = Release|Win32
		{AF1DEB8F-0D1B-F383-A4C0-DFCAA178FB70}.Template|Win32.ActiveCfg = Template|Win32
		{AF1DEB8F-0D1B-F383-A4C0-DFCAA178FB70}.Template|Win32.Build.0 = Template|Win32
		{C66A0D44-48F7-1F9B-EC08-4E5914CBD855}.Debug|Win32.ActiveCfg = Debug|Win32
		{C66A0D44-48F7-1F9B-EC08-4E5914CBD855}.Debug|Win32.Build.0 = Debug|Win32
		{C66A0D44-48F7-1F9B-EC08-4E5914CBD855}.Release|Win32.ActiveCfg = Release|Win32
		{C66A0D44-48F7-1F9B-EC08-4E5914CBD855}.Release|Win32.Build.0 = Release|Win32
		{C66A0D44-48F7-1F9B-EC08-4E5914CBD855}.Template|Win32.ActiveCfg = Template|Win32
		{C66A0D44-48F7-1F9B-EC08-4E5914CBD855}.Template|Win32.Build.0 = Template|Win32
		{A04672CA-EFDF-B90D-3597-938EBA52EA1D}.Debug|Win32.ActiveCfg = Debug|Win32
		{A04672CA-EFDF-B90D-3597-938EBA52EA1D}.Debug|Win32.Build.0 = Debug|Win32
		{A04672CA-EFDF-B90D-3597-938EBA52EA1D}.Release|Win32.ActiveCfg = Release|Win32
		{A04672CA-EFDF-B90D-3597-938EBA52EA1D}.Release|Win32.Build.0 = Release|Win32
		{A04672CA-EFDF-B90D-3597-938EBA52EA1D}.Template|Win32.ActiveCfg = Template|Win32
		{A04672CA-EFDF-B90D-3597-938EBA52EA1D}.Template|Win32.Build.0 = Template|Win32
		{6BECC428-B7F9-FF77-80BF-2E0610A41EAD}.Debug|Win32.ActiveCfg = Debug|Win32
		{6BECC428-B7F9-FF77-80BF-2E0610A41EAD}.Debug|Win32.Build.0 = Debug|Win32
		{6BECC428-B7F9-FF77-80BF-2E0610A41EAD}.Release|Win32.ActiveCfg = Release|Win32
		{6BECC428-B7F9-FF77-80BF-2E0610A41EAD}.Release|Win32.Build.0 = Release|Win32
		{6BECC428-B7F9-FF77-80BF-2E0610A41EAD}.Template|Win32.ActiveCfg = Template|Win32
		{6BECC428-B7F9-FF77-80BF-2E0610A41EAD}.Template|Win32.Build.0 = Template|Win32
		{D4C8D4A0-0225-0BDF-856E-0AD4E1ED33A0}.Debug|Win32.ActiveCfg = Debug|Win32
		{D4C8D4A0-0225-0BDF-856E-0AD4E1ED33A0}.Debug|Win32.Build.0 = Debug|Win32
		{D4C8D4A0-0225-0BDF-856E-0AD4E1ED33A0}.Release|Win32.ActiveCfg = Release|Win32
		{D4C8D4A0-0225-0BDF-856E-0AD4E1ED33A0}.Release|Win32.Build.0 = Release|Win32
		{D4C8D4A0-0225-0BDF-856E-0AD4E1ED33A0}.Template|Win32.ActiveCfg = Template|Win32
		{D4C8D4A0-0225-0BDF-856E-0AD4E1ED33A0}.Template|Win32.Build.0 = Template|Win32
		{E1EFA960-1BF8-8F00-ADAD-4387C3018711}.Debug|Win32.ActiveCfg = Debug|Win32
		{E1EFA960-1BF8-8F00-ADAD-4387C3018711}.Debug|Win32.Build.0 = Debug|Win32
		{E1EFA960-1BF8-8F00-ADAD-4387C3018711}.Release|Win32.ActiveCfg = Release|Win32
		{E1EFA960-1BF8-8F00-ADAD-4387C3018711}.Release|Win32.Build.0 = Release|Win32
		{E1EFA960-1BF8-8F00-ADAD-4387C3018711}.Template|Win32.ActiveCfg = Template|Win32
		{E1EFA960-1BF8-8F00-ADAD-4387C3018711}.Template|Win32.Build.0 = Template|Win32
		{15A92666-39DA-39B7-BE62-F9740AD4678F}.Debug|Win32.ActiveCfg = Debug|Win32
		{15A92666-39DA-39B7-BE62-F9740AD4678F}.Debug|Win32.Build.0 = Debug|Win32
		{15A92666-39DA-39B7-BE62-F9740AD4678F}.Release|Win32.ActiveCfg = Release|Win32
		{15A92666-39DA-39B7-BE62-F9740AD4678F}.Release|Win32.Build.0 = Release|Win32
		{15A92666-39DA-39B7-BE62-F9740AD4678F}.Template|Win32.ActiveCfg = Template|Win32
		{15A92666-39DA-39B7-BE62-F9740AD4678F}.Template|Win32.Build.0 = Template|Win32
		{31898650-AD66-C668-9979-341EA0FE6E07}.Debug|Win32.ActiveCfg = Debug|Win32
		{31898650-AD66-C668-9979-341EA0FE6E07}.Debug|Win32.Build.0 = Debug|Win32
		{31898650-AD66-C668-9979-341EA0FE6E07}.Release|Win32.ActiveCfg = Release|Win32
		{31898650-AD66-C668-9979-341EA0FE6E07}.Release|Win32.Build.0 = Release|Win32
		{31898650-AD66-C668-9979-341EA0FE6E07}.Template|Win32.ActiveCfg = Template|Win32
		{31898650-AD66-C668-9979-341EA0FE6E07}.Template|Win32.Build.0 = Template|Win32
		{09010468-CEA7-0384-4042-39496AF0A1B7}.Debug|Win32.ActiveCfg = Debug|Win32
		{09010468-CEA7-0384-4042-39496AF0A1B7}.Debug|Win32.Build.0 = Debug|Win32
		{09010468-CEA7-0384-4042-39496AF0A1B7}.Release|Win32.ActiveCfg = Release|Win32
		{09010468-CEA7-0384-4042-39496AF0A1B7}.Release|Win32.Build.0 = Release|Win32
		{09010468-CEA7-0384-4042-39496AF0A1B7}.Template|Win32.ActiveCfg = Template|Win32
		{09010468-CEA7-0384-4042-39496AF0A1B7}.Template|Win32.Build.0 = Template|Win32
		{C0AF695D-78FF-7A73-75D1-4EB36CE97297}.Debug|Win32.ActiveCfg = Debug|Win32
		{C0AF695D-78FF-7A73-75D1-4EB36CE97297}.Debug|Win32.Build.0 = Debug|Win32
		{C0AF695D-78FF-7A73-75D1-4EB36CE97297}.Release|Win32.ActiveCfg = Release|Win32
		{C0AF695D-78FF-7A73-75D1-4EB36CE97297}.Release|Win32.Build.0 = Release|Win32
		{C0AF695D-78FF-7A73-75D1-4EB36CE97297}.Template|Win32.ActiveCfg = Template|Win32
		{C0AF695D-78FF-7A73-75D1-4EB36CE97297}.Template|Win32.Build.0 = Template|Win32
		{55B33F1C-7483-FDE0-511B-A5D133E4D889}.Debug|Win32.ActiveCfg = Debug|Win32
		{55B33F1C-7483-FDE0-511B-A5D133E4D889}.Debug|Win32.Build.0 = Debug|Win32
		{55B33F1C-7483-FDE0-511B-A5D133E4D889}.Release|Win32.ActiveCfg = Release|Win32
		{55B33F1C-7483-FDE0-511B-A5D133E4D889}.Release|Win32.Build.0 = Release|Win32
		{55B33F1C-7483-FDE0-511B-A5D133E4D889}.Template|Win32.ActiveCfg = Template|Win32
		{55B33F1C-7483-FDE0-511B-A5D133E4D889}.Template|Win32.Build.0 = Template|Win32
		{D71E42C6-19C3-16AF-D068-921E7FF3AA34}.Debug|Win32.ActiveCfg = Debug|Win32
		{D71E42C6-19C3-16AF-D068-921E7FF3AA34}.Debug|Win32.Build.0 = Debug|Win32
		{D71E42C6-19C3-16AF-D068-921E7FF3AA34}.Release|Win32.ActiveCfg = Release|Win32
		{D71E42C6-19C3-16AF-D068-921E7FF3AA34}.Release|Win32.Build.0 = Release|Win32
		{D71E42C6-19C3-16AF-D068-921E7FF3AA34}.Template|Win32.ActiveCfg = Template|Win32
		{D71E42C6-19C3-16AF-D068-921E7FF3AA34}.Template|Win32.Build.0 = Template|Win32
		{62CDE084-58F9-255D-8B55-F1F0010F16D0}.Debug|Win32.ActiveCfg = Debug|Win32
		{62CDE084-58F9-255D-8B55-F1F0010F16D0}.Debug|Win32.Build.0 = Debug|Win32
		{62CDE084-58F9-255D-8B55-F1F0010F16D0}.Release|Win32.ActiveCfg = Release|Win32
		{62CDE084-58F9-255D-8B55-F1F0010F16D0}.Release|Win32.Build.0 = Release|Win32
		{62CDE084-58F9-255D-8B55-F1F0010F16D0}.Template|Win32.ActiveCfg = Template|Win32
		{62CDE084-58F9-255D-8B55-F1F0010F16D0}.Template|Win32.Build.0 = Template|Win32
		{46C76A63-85CF-50FA-CBA7-6D46D643648C}.Debug|Win32.ActiveCfg = Debug|Win32
		{46C76A63-85CF-50FA-CBA7-6D46D643648C}.Debug|Win32.Build.0 = Debug|Win32
		{46C76A63-85CF-50FA-CBA7-6D46D643648C}.Release|Win32.ActiveCfg = Release|Win32
		{46C76A63-85CF-50FA-CBA7-6D46D643648C}.Release|Win32.Build.0 = Release|Win32
		{46C76A63-85CF-50FA-CBA7-6D46D643648C}.Template|Win32.ActiveCfg = Template|Win32
		{46C76A63-85CF-50FA-CBA7-6D46D643648C}.Template|Win32.Build.0 = Template|Win32
		{0141EDB9-BE63-1E7E-1F45-1C1E1ACD92E8}.Debug|Win32.ActiveCfg = Debug|Win32
		{0141EDB9-BE63-1E7E-1F45-1C1E1ACD92E8}.Debug|Win32.Build.0 = Debug|Win32
		{0141EDB9-BE63-1E7E-1F45-1C1E1ACD92E8}.Release|Win32.ActiveCfg = Release|Win32
		{0141EDB9-BE63-1E7E-1F45-1C1E1ACD92E8}.Release|Win32.Build.0 = Release|Win32
		{0141EDB9-BE63-1E7E-1F45-1C1E1ACD92E8}.Template|Win32.ActiveCfg = Template|Win32
		{0141EDB9-BE63-1E7E-1F45-1C1E1ACD92E8}.Template|Win32.Build.0 = Template|Win32
		{409E3ECE-5B3F-2B27-EE07-CCAE9269D57A}.Debug|Win32.ActiveCfg = Debug|Win32
		{409E3ECE-5B3F-2B27-EE07-CCAE9269D57A}.Debug|Win32.Build.0 = Debug|Win32
		{409E3ECE-5B3F-2B27-EE07-CCAE9269D57A}.Release|Win32.ActiveCfg = Release|Win32
		{409E3ECE-5B3F-2B27-EE07-CCAE9269D57A}.Release|Win32.Build.0 = Release|Win32
		{409E3ECE-5B3F-2B27-EE07-CCAE9269D57A}.Template|Win32.ActiveCfg = Template|Win32
		{409E3ECE-5B3F-2B27-EE07-CCAE9269D57A}.Template|Win32.Build.0 = Template|Win32
		{F1F73D1A-1B19-094E-D10F-E25C77DB60C2}.Debug|Win32.ActiveCfg = Debug|Win32
		{F1F73D1A-1B19-094E-D10F-E25C77DB60C2}.Debug|Win32.Build.0 = Debug|Win32
		{F1F73D1A-1B19-094E-D10F-E25C77DB60C2}.Release|Win32.ActiveCfg = Release|Win32
		{F1F73D1A-1B19-094E-D10F-E25C77DB60C2}.Release|Win32.Build.0 = Release|Win32
		{F1F73D1A-1B19-094E-D10F-E25C77DB60C2}.Template|Win32.ActiveCfg = Template|Win32
		{F1F73D1A-1B19-094E-D10F-E25C77DB60C2}.Template|Win32.Build.0 = Template|Win32
		{7379102D-345E-0AFF-4E11-578DF6507531}.Debug|Win32.ActiveCfg = Debug|Win32
		{7379102D-345E-0AFF-4E11-578DF6507531}.Debug|Win32.Build.0 = Debug|Win32
		{7379102D-345E-0AFF-4E11-578DF6507531}.Release|Win32.ActiveCfg = Release|Win32
		{7379102D-345E-0AFF-4E11-578DF6507531}.Release|Win32.Build.0 = Release|Win32
		{7379102D-345E-0AFF-4E11-578DF6507531}.Template|Win32.ActiveCfg = Template|Win32
		{7379102D-345E-0AFF-4E11-578DF6507531}.Template|Win32.Build.0 = Template|Win32
		{0338581E-1B9C-BE3F-164F-9DE1997BF80A}.Debug|Win32.ActiveCfg = Debug|Win32
		{0338581E-1B9C-BE3F-164F-9DE1997BF80A}.Debug|Win32.Build.0 = Debug|Win32
		{0338581E-1B9C-BE3F-164F-9DE1997BF80A}.Release|Win32.ActiveCfg = Release|Win32
		{0338581E-1B9C-BE3F-164F-9DE1997BF80A}.Release|Win32.Build.0 = Release|Win32
		{0338581E-1B9C-BE3F-164F-9DE1997BF80A}.Template|Win32.ActiveCfg = Template|Win32
		{0338581E-1B9C-BE3F-164F-9DE1997BF80A}.Template|Win32.Build.0 = Template|Win32
		{56F1BABC-6F88-79EC-BA1F-15CAA8F2062F}.Debug|Win32.ActiveCfg = Debug|Win32
		{56F1BABC-6F88-79EC-BA1F-15CAA8F2062F}.Debug|Win32.Build.0 = Debug|Win32
		{56F1BABC-6F88-79EC-BA1F-15CAA8F2062F}.Release|Win32.ActiveCfg = Release|Win32
		{56F1BABC-6F88-79EC-BA1F-15CAA8F2062F}.Release|Win32.Build.0 = Release|Win32
		{56F1BABC-6F88-79EC-BA1F-15CAA8F2062F}.Template|Win32.ActiveCfg = Template|Win32
		{56F1BABC-6F88-79EC-BA1F-15CAA8F2062F}.Template|Win32.Build.0 = Template|Win32
	EndGlobalSection
	GlobalSection(SolutionProperties) = preSolution
		HideSolutionNode = FALSE
	EndGlobalSection
EndGlobal
